
Microsoft Visual Studio Solution File, Format Version 12.00
# Visual Studio 15
VisualStudioVersion = 15.0.26430.6
MinimumVisualStudioVersion = 10.0.40219.1
Project("{9A19103F-16F7-4668-BE54-9A1E7A4F7556}") = "TreeProcessing.NET", "TreeProcessing.NET\TreeProcessing.NET.csproj", "{EABD52EA-7A62-4091-AE0F-A03A4D4CAD11}"
EndProject
Project("{9A19103F-16F7-4668-BE54-9A1E7A4F7556}") = "TreeProcessing.NET.Tests", "TreeProcessing.NET.Tests\TreeProcessing.NET.Tests.csproj", "{A76F64FF-6F9F-4570-BA66-4CFCDBDD935F}"
EndProject
Global
	GlobalSection(SolutionConfigurationPlatforms) = preSolution
		Debug|Any CPU = Debug|Any CPU
		Release|Any CPU = Release|Any CPU
	EndGlobalSection
	GlobalSection(ProjectConfigurationPlatforms) = postSolution
		{EABD52EA-7A62-4091-AE0F-A03A4D4CAD11}.Debug|Any CPU.ActiveCfg = Debug|Any CPU
		{EABD52EA-7A62-4091-AE0F-A03A4D4CAD11}.Debug|Any CPU.Build.0 = Debug|Any CPU
		{EABD52EA-7A62-4091-AE0F-A03A4D4CAD11}.Release|Any CPU.ActiveCfg = Release|Any CPU
		{EABD52EA-7A62-4091-AE0F-A03A4D4CAD11}.Release|Any CPU.Build.0 = Release|Any CPU
		{A76F64FF-6F9F-4570-BA66-4CFCDBDD935F}.Debug|Any CPU.ActiveCfg = Debug|Any CPU
		{A76F64FF-6F9F-4570-BA66-4CFCDBDD935F}.Debug|Any CPU.Build.0 = Debug|Any CPU
		{A76F64FF-6F9F-4570-BA66-4CFCDBDD935F}.Release|Any CPU.ActiveCfg = Release|Any CPU
		{A76F64FF-6F9F-4570-BA66-4CFCDBDD935F}.Release|Any CPU.Build.0 = Release|Any CPU
	EndGlobalSection
	GlobalSection(SolutionProperties) = preSolution
		HideSolutionNode = FALSE
	EndGlobalSection
	GlobalSection(ExtensibilityGlobals) = postSolution
		SolutionGuid = {BA282B9C-876C-4206-BBCF-66F32B0CC45B}
	EndGlobalSection
EndGlobal
